
Microsoft Visual Studio Solution File, Format Version 12.00
# Visual Studio Version 17
VisualStudioVersion = 17.14.36203.30 d17.14
MinimumVisualStudioVersion = 10.0.40219.1
Project("{888888A0-9F3D-457C-B088-3A5042F75D52}") = "PythonApplication6", "PythonApplication6\PythonApplication6.pyproj", "{151A5601-BB73-468C-9C11-04734CBFA71C}"
EndProject
Global
	GlobalSection(SolutionConfigurationPlatforms) = preSolution
		Debug|Any CPU = Debug|Any CPU
		Release|Any CPU = Release|Any CPU
	EndGlobalSection
	GlobalSection(ProjectConfigurationPlatforms) = postSolution
		{151A5601-BB73-468C-9C11-04734CBFA71C}.Debug|Any CPU.ActiveCfg = Debug|Any CPU
		{151A5601-BB73-468C-9C11-04734CBFA71C}.Release|Any CPU.ActiveCfg = Release|Any CPU
	EndGlobalSection
	GlobalSection(SolutionProperties) = preSolution
		HideSolutionNode = FALSE
	EndGlobalSection
	GlobalSection(ExtensibilityGlobals) = postSolution
		SolutionGuid = {8D4C83A7-ED50-49D8-AFC1-C1F472E3E506}
	EndGlobalSection
EndGlobal
