
Microsoft Visual Studio Solution File, Format Version 12.00
# Visual Studio Version 17
VisualStudioVersion = 17.14.36203.30 d17.14
MinimumVisualStudioVersion = 10.0.40219.1
Project("{888888A0-9F3D-457C-B088-3A5042F75D52}") = "grep", "grep\grep.pyproj", "{97409A4C-53EB-4125-8C5B-B5C4328F4864}"
EndProject
Global
	GlobalSection(SolutionConfigurationPlatforms) = preSolution
		Debug|Any CPU = Debug|Any CPU
		Release|Any CPU = Release|Any CPU
	EndGlobalSection
	GlobalSection(ProjectConfigurationPlatforms) = postSolution
		{97409A4C-53EB-4125-8C5B-B5C4328F4864}.Debug|Any CPU.ActiveCfg = Debug|Any CPU
		{97409A4C-53EB-4125-8C5B-B5C4328F4864}.Release|Any CPU.ActiveCfg = Release|Any CPU
	EndGlobalSection
	GlobalSection(SolutionProperties) = preSolution
		HideSolutionNode = FALSE
	EndGlobalSection
	GlobalSection(ExtensibilityGlobals) = postSolution
		SolutionGuid = {F8E64CA3-1710-477E-9FB9-2CE4FB7886DF}
	EndGlobalSection
EndGlobal
