
Microsoft Visual Studio Solution File, Format Version 12.00
# Visual Studio Version 17
VisualStudioVersion = 17.14.36203.30 d17.14
MinimumVisualStudioVersion = 10.0.40219.1
Project("{888888A0-9F3D-457C-B088-3A5042F75D52}") = "Quizm2", "Quizm2\Quizm2.pyproj", "{810457D9-A7EC-4B6D-834D-DD53B1908274}"
EndProject
Global
	GlobalSection(SolutionConfigurationPlatforms) = preSolution
		Debug|Any CPU = Debug|Any CPU
		Release|Any CPU = Release|Any CPU
	EndGlobalSection
	GlobalSection(ProjectConfigurationPlatforms) = postSolution
		{810457D9-A7EC-4B6D-834D-DD53B1908274}.Debug|Any CPU.ActiveCfg = Debug|Any CPU
		{810457D9-A7EC-4B6D-834D-DD53B1908274}.Release|Any CPU.ActiveCfg = Release|Any CPU
	EndGlobalSection
	GlobalSection(SolutionProperties) = preSolution
		HideSolutionNode = FALSE
	EndGlobalSection
	GlobalSection(ExtensibilityGlobals) = postSolution
		SolutionGuid = {9AA200A9-F878-4717-9B99-642131A40037}
	EndGlobalSection
EndGlobal
